Microsoft Visual Studio Solution File, Format Version 12.00
# Visual Studio Version 17.0
#
# xmake version 2.7.1+HEAD.0162040cd
#
#   This file is auto generated by xmake.
#
#   Please DO NOT EDIT since all your modification will lost after re-generation.
#   See https://github.com/xmake-io/xmake/pull/472 for more infomation.
#
VisualStudioVersion = 17.0
MinimumVisualStudioVersion = 10.0.40219.1
Project("{8BC9CEB8-8B4A-11D0-8D11-00A0C91BC942}") = "websockets", "websockets\websockets.vcxproj", "{EA162978-C0FB-43E5-9DBE-0FACD6284D7C}"
EndProject
Project("{8BC9CEB8-8B4A-11D0-8D11-00A0C91BC942}") = "synchronous-user_data", "synchronous-user_data\synchronous-user_data.vcxproj", "{509B35D8-8222-44EB-825B-F856D12EC479}"
EndProject
Project("{8BC9CEB8-8B4A-11D0-8D11-00A0C91BC942}") = "synchronous", "synchronous\synchronous.vcxproj", "{F8377589-9085-459E-87F9-45272D91C49B}"
EndProject
Project("{8BC9CEB8-8B4A-11D0-8D11-00A0C91BC942}") = "example", "example\example.vcxproj", "{F224E127-8AAB-45CE-A7FE-2DE9A1F8D540}"
EndProject
Project("{8BC9CEB8-8B4A-11D0-8D11-00A0C91BC942}") = "asynchronous-user_data", "asynchronous-user_data\asynchronous-user_data.vcxproj", "{5347A5D2-5C48-4BAC-B121-A7C3FD4A2C57}"
EndProject
Project("{8BC9CEB8-8B4A-11D0-8D11-00A0C91BC942}") = "asynchronous", "asynchronous\asynchronous.vcxproj", "{35021BC7-D687-49D6-A4F6-C07073FCAB15}"
EndProject
Project("{8BC9CEB8-8B4A-11D0-8D11-00A0C91BC942}") = "binapi", "binapi\binapi.vcxproj", "{460B1F4F-2582-4A37-99BB-DBD7B988BA43}"
EndProject


Project("{2150E333-8FDC-42A3-9474-1A3956D46DE8}") = "Properties", "Properties", "{007754BD-BB1F-452F-A0D8-13EF216C5ED9}"
	ProjectSection(SolutionItems) = preProject
		Xmake.Custom.props = Xmake.Custom.props
		Xmake.Custom.targets = Xmake.Custom.targets
		..\xmake.lua = ..\xmake.lua
	EndProjectSection
EndProject
Global
	GlobalSection(SolutionConfigurationPlatforms) = preSolution
		debug|x64 = debug|x64
		release|x64 = release|x64
	EndGlobalSection
	GlobalSection(ProjectConfigurationPlatforms) = postSolution
		{EA162978-C0FB-43E5-9DBE-0FACD6284D7C}.debug|x64.ActiveCfg = debug|x64
		{EA162978-C0FB-43E5-9DBE-0FACD6284D7C}.debug|x64.Build.0 = debug|x64
		{509B35D8-8222-44EB-825B-F856D12EC479}.debug|x64.ActiveCfg = debug|x64
		{509B35D8-8222-44EB-825B-F856D12EC479}.debug|x64.Build.0 = debug|x64
		{F8377589-9085-459E-87F9-45272D91C49B}.debug|x64.ActiveCfg = debug|x64
		{F8377589-9085-459E-87F9-45272D91C49B}.debug|x64.Build.0 = debug|x64
		{F224E127-8AAB-45CE-A7FE-2DE9A1F8D540}.debug|x64.ActiveCfg = debug|x64
		{F224E127-8AAB-45CE-A7FE-2DE9A1F8D540}.debug|x64.Build.0 = debug|x64
		{5347A5D2-5C48-4BAC-B121-A7C3FD4A2C57}.debug|x64.ActiveCfg = debug|x64
		{5347A5D2-5C48-4BAC-B121-A7C3FD4A2C57}.debug|x64.Build.0 = debug|x64
		{35021BC7-D687-49D6-A4F6-C07073FCAB15}.debug|x64.ActiveCfg = debug|x64
		{35021BC7-D687-49D6-A4F6-C07073FCAB15}.debug|x64.Build.0 = debug|x64
		{460B1F4F-2582-4A37-99BB-DBD7B988BA43}.debug|x64.ActiveCfg = debug|x64
		{460B1F4F-2582-4A37-99BB-DBD7B988BA43}.debug|x64.Build.0 = debug|x64
		{EA162978-C0FB-43E5-9DBE-0FACD6284D7C}.release|x64.ActiveCfg = release|x64
		{EA162978-C0FB-43E5-9DBE-0FACD6284D7C}.release|x64.Build.0 = release|x64
		{509B35D8-8222-44EB-825B-F856D12EC479}.release|x64.ActiveCfg = release|x64
		{509B35D8-8222-44EB-825B-F856D12EC479}.release|x64.Build.0 = release|x64
		{F8377589-9085-459E-87F9-45272D91C49B}.release|x64.ActiveCfg = release|x64
		{F8377589-9085-459E-87F9-45272D91C49B}.release|x64.Build.0 = release|x64
		{F224E127-8AAB-45CE-A7FE-2DE9A1F8D540}.release|x64.ActiveCfg = release|x64
		{F224E127-8AAB-45CE-A7FE-2DE9A1F8D540}.release|x64.Build.0 = release|x64
		{5347A5D2-5C48-4BAC-B121-A7C3FD4A2C57}.release|x64.ActiveCfg = release|x64
		{5347A5D2-5C48-4BAC-B121-A7C3FD4A2C57}.release|x64.Build.0 = release|x64
		{35021BC7-D687-49D6-A4F6-C07073FCAB15}.release|x64.ActiveCfg = release|x64
		{35021BC7-D687-49D6-A4F6-C07073FCAB15}.release|x64.Build.0 = release|x64
		{460B1F4F-2582-4A37-99BB-DBD7B988BA43}.release|x64.ActiveCfg = release|x64
		{460B1F4F-2582-4A37-99BB-DBD7B988BA43}.release|x64.Build.0 = release|x64
	EndGlobalSection
	GlobalSection(SolutionProperties) = preSolution
		HideSolutionNode = FALSE
	EndGlobalSection
	GlobalSection(NestedProjects) = preSolution
	EndGlobalSection
	GlobalSection(ExtensibilityGlobals) = postSolution
		SolutionGuid = {7FA3E78C-0364-42EC-94C7-CCBC159D1EE5}
	EndGlobalSection
EndGlobal
