<?xml version="1.0" encoding="utf-8"?>
<!--
xmake version 2.7.1+HEAD.0162040cd

  This file is auto generated by xmake.

  Please DO NOT EDIT since all your modification will lost after re-generation.
  See https://github.com/xmake-io/xmake/pull/472 for more infomation.
-->
<Project ToolsVersion="4.0" xmlns="http://schemas.microsoft.com/developer/msbuild/2003">
  <ItemGroup>
    <Filter Include="Properties">
      <UniqueIdentifier>{CC7C6180-942D-056E-3227-E6A2B3FB19CD}</UniqueIdentifier>
    </Filter>
    <Filter Include="..">
      <UniqueIdentifier>{8E361016-0635-41C8-85BF-79EC268BD6C0}</UniqueIdentifier>
    </Filter>
    <Filter Include="..\include">
      <UniqueIdentifier>{4F2F2C37-8601-4176-8F6B-556C0B0A5A57}</UniqueIdentifier>
    </Filter>
    <Filter Include="..\include\binapi">
      <UniqueIdentifier>{7F24F6EA-B8E2-49A1-93D9-987C66709D6B}</UniqueIdentifier>
    </Filter>
    <Filter Include="..\src">
      <UniqueIdentifier>{8F82DEA8-2587-44CA-AD2B-65603E5C436A}</UniqueIdentifier>
    </Filter>

  </ItemGroup>
  <ItemGroup>
    <None Include="$(MSBuildProjectDirectory)\Xmake.Custom.props">
      <Filter>Properties</Filter>
    </None>
    <None Include="$(MSBuildProjectDirectory)\Xmake.Custom.targets">
      <Filter>Properties</Filter>
    </None>
    <None Include="$(MSBuildProjectDirectory)\Xmake.Custom.items">
      <Filter>Properties</Filter>
    </None>
    <None Include="$(MSBuildProjectDirectory)\Xmake.Custom.items.filters">
      <Filter>Properties</Filter>
    </None>
    <None Include="$(XmakeScriptDir)\xmake.lua">
      <Filter>Properties</Filter>
    </None>
  </ItemGroup>
  <ItemGroup>


  </ItemGroup>
  <ItemGroup>

    <ClCompile Include="$(XmakeProjectDir)\examples\websockets\main.cpp">
      <Filter><!-- nil --></Filter>
    </ClCompile>
    <ClCompile Include="$(XmakeProjectDir)\include\binapi\dtf.cpp">
      <Filter>..\include\binapi</Filter>
    </ClCompile>
    <ClCompile Include="$(XmakeProjectDir)\src\api.cpp">
      <Filter>..\src</Filter>
    </ClCompile>
    <ClCompile Include="$(XmakeProjectDir)\src\enums.cpp">
      <Filter>..\src</Filter>
    </ClCompile>
    <ClCompile Include="$(XmakeProjectDir)\src\errors.cpp">
      <Filter>..\src</Filter>
    </ClCompile>
    <ClCompile Include="$(XmakeProjectDir)\src\pairslist.cpp">
      <Filter>..\src</Filter>
    </ClCompile>
    <ClCompile Include="$(XmakeProjectDir)\src\reports.cpp">
      <Filter>..\src</Filter>
    </ClCompile>
    <ClCompile Include="$(XmakeProjectDir)\src\tools.cpp">
      <Filter>..\src</Filter>
    </ClCompile>
    <ClCompile Include="$(XmakeProjectDir)\src\types.cpp">
      <Filter>..\src</Filter>
    </ClCompile>
    <ClCompile Include="$(XmakeProjectDir)\src\websocket.cpp">
      <Filter>..\src</Filter>
    </ClCompile>



  </ItemGroup>
  <ItemGroup>

  </ItemGroup>
  <ItemGroup>


  </ItemGroup>
  <Import Condition="Exists('$(MSBuildThisFileDirectory)\Xmake.Custom.files.filters')"
    Project="$(MSBuildThisFileDirectory)\Xmake.Custom.files.filters" />
</Project>
